
Microsoft Visual Studio Solution File, Format Version 12.00
Project("{FAE04EC0-301F-11D3-BF4B-00C04F79EFBC}") = "SkylineProblem", "SkylineProblem.csproj", "{46991E49-38F6-4975-A846-D83B4F100508}"
EndProject
Global
	GlobalSection(SolutionConfigurationPlatforms) = preSolution
		Debug|Any CPU = Debug|Any CPU
		Release|Any CPU = Release|Any CPU
	EndGlobalSection
	GlobalSection(ProjectConfigurationPlatforms) = postSolution
		{46991E49-38F6-4975-A846-D83B4F100508}.Debug|Any CPU.ActiveCfg = Debug|Any CPU
		{46991E49-38F6-4975-A846-D83B4F100508}.Debug|Any CPU.Build.0 = Debug|Any CPU
		{46991E49-38F6-4975-A846-D83B4F100508}.Release|Any CPU.ActiveCfg = Release|Any CPU
		{46991E49-38F6-4975-A846-D83B4F100508}.Release|Any CPU.Build.0 = Release|Any CPU
	EndGlobalSection
EndGlobal
